
Microsoft Visual Studio Solution File, Format Version 12.00
# Visual Studio Version 17
VisualStudioVersion = 17.14.36414.22
MinimumVisualStudioVersion = 10.0.40219.1
Project("{2150E333-8FDC-42A3-9474-1A3956D46DE8}") = "Task0", "Task0", "{36D591C7-65C7-A0D1-1CBC-10CDE441BDC8}"
EndProject
Project("{FAE04EC0-301F-11D3-BF4B-00C04F79EFBC}") = "Tyuiu.NikitinRYu.Sprint5.Task0.V12", "Tyuiu.NikitinRYu.Sprint5.Task0.V12\Tyuiu.NikitinRYu.Sprint5.Task0.V12.csproj", "{47DC1C1F-EED6-4213-AA58-C7C2DA1795EC}"
EndProject
Project("{FAE04EC0-301F-11D3-BF4B-00C04F79EFBC}") = "Tyuiu.NikitinRYu.Sprint5.Task0.V12.Lib", "Tyuiu.NikitinRYu.Sprint5.Task0.V12.Lib\Tyuiu.NikitinRYu.Sprint5.Task0.V12.Lib.csproj", "{22C3FE75-01C3-407E-B936-5B29F2EABDBD}"
EndProject
Project("{FAE04EC0-301F-11D3-BF4B-00C04F79EFBC}") = "Tyuiu.NikitinRYu.Sprint5.Task0.V12.Test", "Tyuiu.NikitinRYu.Sprint5.Task0.V12.Test\Tyuiu.NikitinRYu.Sprint5.Task0.V12.Test.csproj", "{A36B8136-9347-40BB-B8B0-79A73A2314B0}"
EndProject
Project("{2150E333-8FDC-42A3-9474-1A3956D46DE8}") = "Task1", "Task1", "{EDDD72FB-464C-4B1E-B7BA-C15F65EFBF65}"
EndProject
Project("{FAE04EC0-301F-11D3-BF4B-00C04F79EFBC}") = "Tyuiu.NikitinRYu.Sprint5.Task1.V15", "Tyuiu.NikitinRYu.Sprint5.Task1.V15\Tyuiu.NikitinRYu.Sprint5.Task1.V15.csproj", "{8DBEFE4B-0296-4665-9645-6B57A0BB93BF}"
EndProject
Project("{FAE04EC0-301F-11D3-BF4B-00C04F79EFBC}") = "Tyuiu.NikitinRYu.Sprint5.Task1.V15.Lib", "Tyuiu.NikitinRYu.Sprint5.Task1.V15.Lib\Tyuiu.NikitinRYu.Sprint5.Task1.V15.Lib.csproj", "{3E20525F-6BDA-49C5-BC93-975334769E20}"
EndProject
Project("{FAE04EC0-301F-11D3-BF4B-00C04F79EFBC}") = "Tyuiu.NikitinRYu.Sprint5.Task1.V15.Test", "Tyuiu.NikitinRYu.Sprint5.Task1.V15.Test\Tyuiu.NikitinRYu.Sprint5.Task1.V15.Test.csproj", "{3E194579-627B-44F1-A5E0-3EA681EFD798}"
EndProject
Project("{2150E333-8FDC-42A3-9474-1A3956D46DE8}") = "Task2", "Task2", "{29E82B66-E960-4841-8FE4-3F145D58EA4F}"
EndProject
Project("{FAE04EC0-301F-11D3-BF4B-00C04F79EFBC}") = "Tyuiu.NikitinRYu.Sprint5.Task2.V15", "Tyuiu.NikitinRYu.Sprint5.Task2.V15\Tyuiu.NikitinRYu.Sprint5.Task2.V15.csproj", "{1D3FB9AB-0CC2-47EC-9B85-07EC8CFCBDE5}"
EndProject
Project("{FAE04EC0-301F-11D3-BF4B-00C04F79EFBC}") = "Tyuiu.NikitinRYu.Sprint5.Task2.V15.Lib", "Tyuiu.NikitinRYu.Sprint5.Task2.V15.Lib\Tyuiu.NikitinRYu.Sprint5.Task2.V15.Lib.csproj", "{3F657744-4547-48A6-BEB5-439AC83433D3}"
EndProject
Project("{FAE04EC0-301F-11D3-BF4B-00C04F79EFBC}") = "Tyuiu.NikitinRYu.Sprint5.Task2.V15.Test", "Tyuiu.NikitinRYu.Sprint5.Task2.V15.Test\Tyuiu.NikitinRYu.Sprint5.Task2.V15.Test.csproj", "{AA9DE7B8-F70A-40CA-B84B-AD428EAE3358}"
EndProject
Project("{2150E333-8FDC-42A3-9474-1A3956D46DE8}") = "Task3", "Task3", "{5DDBFEF1-FA85-410F-B43F-0288F975DC33}"
EndProject
Project("{FAE04EC0-301F-11D3-BF4B-00C04F79EFBC}") = "Tyuiu.NikitinRYu.Sprint5.Task3.V16", "Tyuiu.NikitinRYu.Sprint5.Task3.V16\Tyuiu.NikitinRYu.Sprint5.Task3.V16.csproj", "{77947FBA-2BE2-4F3B-A7D2-002829519F13}"
EndProject
Project("{FAE04EC0-301F-11D3-BF4B-00C04F79EFBC}") = "Tyuiu.NikitinRYu.Sprint5.Task3.V16.Lib", "Tyuiu.NikitinRYu.Sprint5.Task3.V16.Lib\Tyuiu.NikitinRYu.Sprint5.Task3.V16.Lib.csproj", "{156200C5-965F-4140-9779-14B22623BD2E}"
EndProject
Project("{FAE04EC0-301F-11D3-BF4B-00C04F79EFBC}") = "Tyuiu.NikitinRYu.Sprint5.Task3.V16.Test", "Tyuiu.NikitinRYu.Sprint5.Task3.V16.Test\Tyuiu.NikitinRYu.Sprint5.Task3.V16.Test.csproj", "{5C3B3963-7223-4549-B60F-A7547B2CE772}"
EndProject
Project("{2150E333-8FDC-42A3-9474-1A3956D46DE8}") = "Task4", "Task4", "{3828AADE-E19E-4C66-8F79-483997BACD6C}"
EndProject
Project("{FAE04EC0-301F-11D3-BF4B-00C04F79EFBC}") = "Tyuiu.NikitinRYu.Sprint5.Task4.V1", "Tyuiu.NikitinRYu.Sprint5.Task4.V1\Tyuiu.NikitinRYu.Sprint5.Task4.V1.csproj", "{C443E7A5-0951-49F3-933C-7AE761AA0739}"
EndProject
Project("{FAE04EC0-301F-11D3-BF4B-00C04F79EFBC}") = "Tyuiu.NikitinRYu.Sprint5.Task4.V1.Lib", "Tyuiu.NikitinRYu.Sprint5.Task4.V1.Lib\Tyuiu.NikitinRYu.Sprint5.Task4.V1.Lib.csproj", "{E5CEC142-BB6F-42A9-B77B-F882E21188CB}"
EndProject
Project("{FAE04EC0-301F-11D3-BF4B-00C04F79EFBC}") = "Tyuiu.NikitinRYu.Sprint5.Task4.V1.Test", "Tyuiu.NikitinRYu.Sprint5.Task4.V1.Test\Tyuiu.NikitinRYu.Sprint5.Task4.V1.Test.csproj", "{7C5FECB5-7383-4AFD-AA3C-463538C8D85A}"
EndProject
Global
	GlobalSection(SolutionConfigurationPlatforms) = preSolution
		Debug|Any CPU = Debug|Any CPU
		Release|Any CPU = Release|Any CPU
	EndGlobalSection
	GlobalSection(ProjectConfigurationPlatforms) = postSolution
		{47DC1C1F-EED6-4213-AA58-C7C2DA1795EC}.Debug|Any CPU.ActiveCfg = Debug|Any CPU
		{47DC1C1F-EED6-4213-AA58-C7C2DA1795EC}.Debug|Any CPU.Build.0 = Debug|Any CPU
		{47DC1C1F-EED6-4213-AA58-C7C2DA1795EC}.Release|Any CPU.ActiveCfg = Release|Any CPU
		{47DC1C1F-EED6-4213-AA58-C7C2DA1795EC}.Release|Any CPU.Build.0 = Release|Any CPU
		{22C3FE75-01C3-407E-B936-5B29F2EABDBD}.Debug|Any CPU.ActiveCfg = Debug|Any CPU
		{22C3FE75-01C3-407E-B936-5B29F2EABDBD}.Debug|Any CPU.Build.0 = Debug|Any CPU
		{22C3FE75-01C3-407E-B936-5B29F2EABDBD}.Release|Any CPU.ActiveCfg = Release|Any CPU
		{22C3FE75-01C3-407E-B936-5B29F2EABDBD}.Release|Any CPU.Build.0 = Release|Any CPU
		{A36B8136-9347-40BB-B8B0-79A73A2314B0}.Debug|Any CPU.ActiveCfg = Debug|Any CPU
		{A36B8136-9347-40BB-B8B0-79A73A2314B0}.Debug|Any CPU.Build.0 = Debug|Any CPU
		{A36B8136-9347-40BB-B8B0-79A73A2314B0}.Release|Any CPU.ActiveCfg = Release|Any CPU
		{A36B8136-9347-40BB-B8B0-79A73A2314B0}.Release|Any CPU.Build.0 = Release|Any CPU
		{8DBEFE4B-0296-4665-9645-6B57A0BB93BF}.Debug|Any CPU.ActiveCfg = Debug|Any CPU
		{8DBEFE4B-0296-4665-9645-6B57A0BB93BF}.Debug|Any CPU.Build.0 = Debug|Any CPU
		{8DBEFE4B-0296-4665-9645-6B57A0BB93BF}.Release|Any CPU.ActiveCfg = Release|Any CPU
		{8DBEFE4B-0296-4665-9645-6B57A0BB93BF}.Release|Any CPU.Build.0 = Release|Any CPU
		{3E20525F-6BDA-49C5-BC93-975334769E20}.Debug|Any CPU.ActiveCfg = Debug|Any CPU
		{3E20525F-6BDA-49C5-BC93-975334769E20}.Debug|Any CPU.Build.0 = Debug|Any CPU
		{3E20525F-6BDA-49C5-BC93-975334769E20}.Release|Any CPU.ActiveCfg = Release|Any CPU
		{3E20525F-6BDA-49C5-BC93-975334769E20}.Release|Any CPU.Build.0 = Release|Any CPU
		{3E194579-627B-44F1-A5E0-3EA681EFD798}.Debug|Any CPU.ActiveCfg = Debug|Any CPU
		{3E194579-627B-44F1-A5E0-3EA681EFD798}.Debug|Any CPU.Build.0 = Debug|Any CPU
		{3E194579-627B-44F1-A5E0-3EA681EFD798}.Release|Any CPU.ActiveCfg = Release|Any CPU
		{3E194579-627B-44F1-A5E0-3EA681EFD798}.Release|Any CPU.Build.0 = Release|Any CPU
		{1D3FB9AB-0CC2-47EC-9B85-07EC8CFCBDE5}.Debug|Any CPU.ActiveCfg = Debug|Any CPU
		{1D3FB9AB-0CC2-47EC-9B85-07EC8CFCBDE5}.Debug|Any CPU.Build.0 = Debug|Any CPU
		{1D3FB9AB-0CC2-47EC-9B85-07EC8CFCBDE5}.Release|Any CPU.ActiveCfg = Release|Any CPU
		{1D3FB9AB-0CC2-47EC-9B85-07EC8CFCBDE5}.Release|Any CPU.Build.0 = Release|Any CPU
		{3F657744-4547-48A6-BEB5-439AC83433D3}.Debug|Any CPU.ActiveCfg = Debug|Any CPU
		{3F657744-4547-48A6-BEB5-439AC83433D3}.Debug|Any CPU.Build.0 = Debug|Any CPU
		{3F657744-4547-48A6-BEB5-439AC83433D3}.Release|Any CPU.ActiveCfg = Release|Any CPU
		{3F657744-4547-48A6-BEB5-439AC83433D3}.Release|Any CPU.Build.0 = Release|Any CPU
		{AA9DE7B8-F70A-40CA-B84B-AD428EAE3358}.Debug|Any CPU.ActiveCfg = Debug|Any CPU
		{AA9DE7B8-F70A-40CA-B84B-AD428EAE3358}.Debug|Any CPU.Build.0 = Debug|Any CPU
		{AA9DE7B8-F70A-40CA-B84B-AD428EAE3358}.Release|Any CPU.ActiveCfg = Release|Any CPU
		{AA9DE7B8-F70A-40CA-B84B-AD428EAE3358}.Release|Any CPU.Build.0 = Release|Any CPU
		{77947FBA-2BE2-4F3B-A7D2-002829519F13}.Debug|Any CPU.ActiveCfg = Debug|Any CPU
		{77947FBA-2BE2-4F3B-A7D2-002829519F13}.Debug|Any CPU.Build.0 = Debug|Any CPU
		{77947FBA-2BE2-4F3B-A7D2-002829519F13}.Release|Any CPU.ActiveCfg = Release|Any CPU
		{77947FBA-2BE2-4F3B-A7D2-002829519F13}.Release|Any CPU.Build.0 = Release|Any CPU
		{156200C5-965F-4140-9779-14B22623BD2E}.Debug|Any CPU.ActiveCfg = Debug|Any CPU
		{156200C5-965F-4140-9779-14B22623BD2E}.Debug|Any CPU.Build.0 = Debug|Any CPU
		{156200C5-965F-4140-9779-14B22623BD2E}.Release|Any CPU.ActiveCfg = Release|Any CPU
		{156200C5-965F-4140-9779-14B22623BD2E}.Release|Any CPU.Build.0 = Release|Any CPU
		{5C3B3963-7223-4549-B60F-A7547B2CE772}.Debug|Any CPU.ActiveCfg = Debug|Any CPU
		{5C3B3963-7223-4549-B60F-A7547B2CE772}.Debug|Any CPU.Build.0 = Debug|Any CPU
		{5C3B3963-7223-4549-B60F-A7547B2CE772}.Release|Any CPU.ActiveCfg = Release|Any CPU
		{5C3B3963-7223-4549-B60F-A7547B2CE772}.Release|Any CPU.Build.0 = Release|Any CPU
		{C443E7A5-0951-49F3-933C-7AE761AA0739}.Debug|Any CPU.ActiveCfg = Debug|Any CPU
		{C443E7A5-0951-49F3-933C-7AE761AA0739}.Debug|Any CPU.Build.0 = Debug|Any CPU
		{C443E7A5-0951-49F3-933C-7AE761AA0739}.Release|Any CPU.ActiveCfg = Release|Any CPU
		{C443E7A5-0951-49F3-933C-7AE761AA0739}.Release|Any CPU.Build.0 = Release|Any CPU
		{E5CEC142-BB6F-42A9-B77B-F882E21188CB}.Debug|Any CPU.ActiveCfg = Debug|Any CPU
		{E5CEC142-BB6F-42A9-B77B-F882E21188CB}.Debug|Any CPU.Build.0 = Debug|Any CPU
		{E5CEC142-BB6F-42A9-B77B-F882E21188CB}.Release|Any CPU.ActiveCfg = Release|Any CPU
		{E5CEC142-BB6F-42A9-B77B-F882E21188CB}.Release|Any CPU.Build.0 = Release|Any CPU
		{7C5FECB5-7383-4AFD-AA3C-463538C8D85A}.Debug|Any CPU.ActiveCfg = Debug|Any CPU
		{7C5FECB5-7383-4AFD-AA3C-463538C8D85A}.Debug|Any CPU.Build.0 = Debug|Any CPU
		{7C5FECB5-7383-4AFD-AA3C-463538C8D85A}.Release|Any CPU.ActiveCfg = Release|Any CPU
		{7C5FECB5-7383-4AFD-AA3C-463538C8D85A}.Release|Any CPU.Build.0 = Release|Any CPU
	EndGlobalSection
	GlobalSection(SolutionProperties) = preSolution
		HideSolutionNode = FALSE
	EndGlobalSection
	GlobalSection(NestedProjects) = preSolution
		{47DC1C1F-EED6-4213-AA58-C7C2DA1795EC} = {36D591C7-65C7-A0D1-1CBC-10CDE441BDC8}
		{22C3FE75-01C3-407E-B936-5B29F2EABDBD} = {36D591C7-65C7-A0D1-1CBC-10CDE441BDC8}
		{A36B8136-9347-40BB-B8B0-79A73A2314B0} = {36D591C7-65C7-A0D1-1CBC-10CDE441BDC8}
		{8DBEFE4B-0296-4665-9645-6B57A0BB93BF} = {EDDD72FB-464C-4B1E-B7BA-C15F65EFBF65}
		{3E20525F-6BDA-49C5-BC93-975334769E20} = {EDDD72FB-464C-4B1E-B7BA-C15F65EFBF65}
		{3E194579-627B-44F1-A5E0-3EA681EFD798} = {EDDD72FB-464C-4B1E-B7BA-C15F65EFBF65}
		{1D3FB9AB-0CC2-47EC-9B85-07EC8CFCBDE5} = {29E82B66-E960-4841-8FE4-3F145D58EA4F}
		{3F657744-4547-48A6-BEB5-439AC83433D3} = {29E82B66-E960-4841-8FE4-3F145D58EA4F}
		{AA9DE7B8-F70A-40CA-B84B-AD428EAE3358} = {29E82B66-E960-4841-8FE4-3F145D58EA4F}
		{77947FBA-2BE2-4F3B-A7D2-002829519F13} = {5DDBFEF1-FA85-410F-B43F-0288F975DC33}
		{156200C5-965F-4140-9779-14B22623BD2E} = {5DDBFEF1-FA85-410F-B43F-0288F975DC33}
		{5C3B3963-7223-4549-B60F-A7547B2CE772} = {5DDBFEF1-FA85-410F-B43F-0288F975DC33}
		{C443E7A5-0951-49F3-933C-7AE761AA0739} = {3828AADE-E19E-4C66-8F79-483997BACD6C}
		{E5CEC142-BB6F-42A9-B77B-F882E21188CB} = {3828AADE-E19E-4C66-8F79-483997BACD6C}
		{7C5FECB5-7383-4AFD-AA3C-463538C8D85A} = {3828AADE-E19E-4C66-8F79-483997BACD6C}
	EndGlobalSection
	GlobalSection(ExtensibilityGlobals) = postSolution
		SolutionGuid = {9E770C46-78C0-4F8B-AE35-DFE67ACDDD2C}
	EndGlobalSection
EndGlobal
